// !$*UTF8*$!
{
	archiveVersion = 1;
	classes = {
	};
	objectVersion = 52;
	objects = {

/* Begin PBXBuildFile section */
		3584B28325A870D000CFB1BF /* NetflixCloneApp.swift in Sources */ = {isa = PBXBuildFile; fileRef = 3584B28225A870D000CFB1BF /* NetflixCloneApp.swift */; };
		3584B28525A870D000CFB1BF /* ContentView.swift in Sources */ = {isa = PBXBuildFile; fileRef = 3584B28425A870D000CFB1BF /* ContentView.swift */; };
		3584B28725A870D100CFB1BF /* Assets.xcassets in Resources */ = {isa = PBXBuildFile; fileRef = 3584B28625A870D100CFB1BF /* Assets.xcassets */; };
		3584B28A25A870D100CFB1BF /* Preview Assets.xcassets in Resources */ = {isa = PBXBuildFile; fileRef = 3584B28925A870D100CFB1BF /* Preview Assets.xcassets */; };
		3584B29625A8738300CFB1BF /* ContentView.swift in Sources */ = {isa = PBXBuildFile; fileRef = 3584B28425A870D000CFB1BF /* ContentView.swift */; };
		3584B29725A8738300CFB1BF /* NetflixCloneApp.swift in Sources */ = {isa = PBXBuildFile; fileRef = 3584B28225A870D000CFB1BF /* NetflixCloneApp.swift */; };
		3584B29A25A8738300CFB1BF /* Preview Assets.xcassets in Resources */ = {isa = PBXBuildFile; fileRef = 3584B28925A870D100CFB1BF /* Preview Assets.xcassets */; };
		3584B29B25A8738300CFB1BF /* Assets.xcassets in Resources */ = {isa = PBXBuildFile; fileRef = 3584B28625A870D100CFB1BF /* Assets.xcassets */; };
		3584B2BA25A873F700CFB1BF /* ContentView.swift in Sources */ = {isa = PBXBuildFile; fileRef = 3584B28425A870D000CFB1BF /* ContentView.swift */; };
		3584B2BB25A873F700CFB1BF /* NetflixCloneApp.swift in Sources */ = {isa = PBXBuildFile; fileRef = 3584B28225A870D000CFB1BF /* NetflixCloneApp.swift */; };
		3584B2BE25A873F700CFB1BF /* Preview Assets.xcassets in Resources */ = {isa = PBXBuildFile; fileRef = 3584B28925A870D100CFB1BF /* Preview Assets.xcassets */; };
		3584B2BF25A873F700CFB1BF /* Assets.xcassets in Resources */ = {isa = PBXBuildFile; fileRef = 3584B28625A870D100CFB1BF /* Assets.xcassets */; };
		3584B2CF25A875C500CFB1BF /* HomeView.swift in Sources */ = {isa = PBXBuildFile; fileRef = 3584B2CE25A875C500CFB1BF /* HomeView.swift */; };
		3584B2D025A875C500CFB1BF /* HomeView.swift in Sources */ = {isa = PBXBuildFile; fileRef = 3584B2CE25A875C500CFB1BF /* HomeView.swift */; };
		3584B2E225A8792C00CFB1BF /* KingfisherSwiftUI in Frameworks */ = {isa = PBXBuildFile; productRef = 3584B2E125A8792C00CFB1BF /* KingfisherSwiftUI */; };
		3584B2E725A87A1D00CFB1BF /* Movie.swift in Sources */ = {isa = PBXBuildFile; fileRef = 3584B2E625A87A1D00CFB1BF /* Movie.swift */; };
		3584B2E825A87A1D00CFB1BF /* Movie.swift in Sources */ = {isa = PBXBuildFile; fileRef = 3584B2E625A87A1D00CFB1BF /* Movie.swift */; };
		3584B2F625A87A9600CFB1BF /* StandardHomeMovie.swift in Sources */ = {isa = PBXBuildFile; fileRef = 3584B2F525A87A9600CFB1BF /* StandardHomeMovie.swift */; };
		3584B2F725A87A9600CFB1BF /* StandardHomeMovie.swift in Sources */ = {isa = PBXBuildFile; fileRef = 3584B2F525A87A9600CFB1BF /* StandardHomeMovie.swift */; };
		3584B2FC25A87ADA00CFB1BF /* GlobalHelper.swift in Sources */ = {isa = PBXBuildFile; fileRef = 3584B2FB25A87ADA00CFB1BF /* GlobalHelper.swift */; };
		3584B2FD25A87ADA00CFB1BF /* GlobalHelper.swift in Sources */ = {isa = PBXBuildFile; fileRef = 3584B2FB25A87ADA00CFB1BF /* GlobalHelper.swift */; };
		3584B30325A87D7000CFB1BF /* HomeViewModel.swift in Sources */ = {isa = PBXBuildFile; fileRef = 3584B30225A87D7000CFB1BF /* HomeViewModel.swift */; };
		3584B30425A87D7000CFB1BF /* HomeViewModel.swift in Sources */ = {isa = PBXBuildFile; fileRef = 3584B30225A87D7000CFB1BF /* HomeViewModel.swift */; };
		35E8885125A88DCC0052B677 /* TopMoviePreview.swift in Sources */ = {isa = PBXBuildFile; fileRef = 35E8885025A88DCC0052B677 /* TopMoviePreview.swift */; };
		35E8885525A88ED70052B677 /* TopMoviePreview.swift in Sources */ = {isa = PBXBuildFile; fileRef = 35E8885025A88DCC0052B677 /* TopMoviePreview.swift */; };
		35E8885A25A89DDA0052B677 /* SmallVerticalButton.swift in Sources */ = {isa = PBXBuildFile; fileRef = 35E8885925A89DDA0052B677 /* SmallVerticalButton.swift */; };
		35E8885E25A89F900052B677 /* SmallVerticalButton.swift in Sources */ = {isa = PBXBuildFile; fileRef = 35E8885925A89DDA0052B677 /* SmallVerticalButton.swift */; };
		35E8886325A8A8DE0052B677 /* WhiteButton.swift in Sources */ = {isa = PBXBuildFile; fileRef = 35E8886225A8A8DE0052B677 /* WhiteButton.swift */; };
		35E8886725A8A99C0052B677 /* WhiteButton.swift in Sources */ = {isa = PBXBuildFile; fileRef = 35E8886225A8A8DE0052B677 /* WhiteButton.swift */; };
		8904670A25AE45B7005CE073 /* MovieDetails.swift in Sources */ = {isa = PBXBuildFile; fileRef = 8904670925AE45B7005CE073 /* MovieDetails.swift */; };
		8904671125AE45F5005CE073 /* MovieDetails.swift in Sources */ = {isa = PBXBuildFile; fileRef = 8904670925AE45B7005CE073 /* MovieDetails.swift */; };
		895D876125AE48F600B1BC8F /* Extensions.swift in Sources */ = {isa = PBXBuildFile; fileRef = 895D876025AE48F600B1BC8F /* Extensions.swift */; };
		895D876825AE494100B1BC8F /* Extensions.swift in Sources */ = {isa = PBXBuildFile; fileRef = 895D876025AE48F600B1BC8F /* Extensions.swift */; };
		895D876D25AE4CFA00B1BC8F /* Episode.swift in Sources */ = {isa = PBXBuildFile; fileRef = 895D876C25AE4CFA00B1BC8F /* Episode.swift */; };
		895D877125AE4D8600B1BC8F /* Episode.swift in Sources */ = {isa = PBXBuildFile; fileRef = 895D876C25AE4CFA00B1BC8F /* Episode.swift */; };
/* End PBXBuildFile section */

/* Begin PBXFileReference section */
		3584B27F25A870D000CFB1BF /* NetflixClone.app */ = {isa = PBXFileReference; explicitFileType = wrapper.application; includeInIndex = 0; path = NetflixClone.app; sourceTree = BUILT_PRODUCTS_DIR; };
		3584B28225A870D000CFB1BF /* NetflixCloneApp.swift */ = {isa = PBXFileReference; lastKnownFileType = sourcecode.swift; path = NetflixCloneApp.swift; sourceTree = "<group>"; };
		3584B28425A870D000CFB1BF /* ContentView.swift */ = {isa = PBXFileReference; lastKnownFileType = sourcecode.swift; path = ContentView.swift; sourceTree = "<group>"; };
		3584B28625A870D100CFB1BF /* Assets.xcassets */ = {isa = PBXFileReference; lastKnownFileType = folder.assetcatalog; path = Assets.xcassets; sourceTree = "<group>"; };
		3584B28925A870D100CFB1BF /* Preview Assets.xcassets */ = {isa = PBXFileReference; lastKnownFileType = folder.assetcatalog; path = "Preview Assets.xcassets"; sourceTree = "<group>"; };
		3584B28B25A870D100CFB1BF /* Info.plist */ = {isa = PBXFileReference; lastKnownFileType = text.plist.xml; path = Info.plist; sourceTree = "<group>"; };
		3584B29F25A8738300CFB1BF /* iOS.app */ = {isa = PBXFileReference; explicitFileType = wrapper.application; includeInIndex = 0; path = iOS.app; sourceTree = BUILT_PRODUCTS_DIR; };
		3584B2A025A8738300CFB1BF /* iOS.plist */ = {isa = PBXFileReference; lastKnownFileType = text.plist.xml; name = iOS.plist; path = /Users/javier.galera/Desktop/NetflixClone/NetflixClone/iOS.plist; sourceTree = "<absolute>"; };
		3584B2C325A873F700CFB1BF /* macOS.app */ = {isa = PBXFileReference; explicitFileType = wrapper.application; includeInIndex = 0; path = macOS.app; sourceTree = BUILT_PRODUCTS_DIR; };
		3584B2C425A873F700CFB1BF /* macOS.plist */ = {isa = PBXFileReference; lastKnownFileType = text.plist.xml; name = macOS.plist; path = /Users/javier.galera/Desktop/NetflixClone/NetflixClone/macOS.plist; sourceTree = "<absolute>"; };
		3584B2CE25A875C500CFB1BF /* HomeView.swift */ = {isa = PBXFileReference; lastKnownFileType = sourcecode.swift; name = HomeView.swift; path = iOS/Home/HomeView.swift; sourceTree = SOURCE_ROOT; };
		3584B2E625A87A1D00CFB1BF /* Movie.swift */ = {isa = PBXFileReference; lastKnownFileType = sourcecode.swift; path = Movie.swift; sourceTree = "<group>"; };
		3584B2F525A87A9600CFB1BF /* StandardHomeMovie.swift */ = {isa = PBXFileReference; lastKnownFileType = sourcecode.swift; path = StandardHomeMovie.swift; sourceTree = "<group>"; };
		3584B2FB25A87ADA00CFB1BF /* GlobalHelper.swift */ = {isa = PBXFileReference; lastKnownFileType = sourcecode.swift; path = GlobalHelper.swift; sourceTree = "<group>"; };
		3584B30225A87D7000CFB1BF /* HomeViewModel.swift */ = {isa = PBXFileReference; lastKnownFileType = sourcecode.swift; path = HomeViewModel.swift; sourceTree = "<group>"; };
		35E8885025A88DCC0052B677 /* TopMoviePreview.swift */ = {isa = PBXFileReference; lastKnownFileType = sourcecode.swift; path = TopMoviePreview.swift; sourceTree = "<group>"; };
		35E8885925A89DDA0052B677 /* SmallVerticalButton.swift */ = {isa = PBXFileReference; lastKnownFileType = sourcecode.swift; path = SmallVerticalButton.swift; sourceTree = "<group>"; };
		35E8886225A8A8DE0052B677 /* WhiteButton.swift */ = {isa = PBXFileReference; lastKnownFileType = sourcecode.swift; path = WhiteButton.swift; sourceTree = "<group>"; };
		8904670925AE45B7005CE073 /* MovieDetails.swift */ = {isa = PBXFileReference; lastKnownFileType = sourcecode.swift; path = MovieDetails.swift; sourceTree = "<group>"; };
		895D876025AE48F600B1BC8F /* Extensions.swift */ = {isa = PBXFileReference; lastKnownFileType = sourcecode.swift; path = Extensions.swift; sourceTree = "<group>"; };
		895D876C25AE4CFA00B1BC8F /* Episode.swift */ = {isa = PBXFileReference; lastKnownFileType = sourcecode.swift; path = Episode.swift; sourceTree = "<group>"; };
/* End PBXFileReference section */

/* Begin PBXFrameworksBuildPhase section */
		3584B27C25A870D000CFB1BF /* Frameworks */ = {
			isa = PBXFrameworksBuildPhase;
			buildActionMask = 2147483647;
			files = (
				3584B2E225A8792C00CFB1BF /* KingfisherSwiftUI in Frameworks */,
			);
			runOnlyForDeploymentPostprocessing = 0;
		};
		3584B29825A8738300CFB1BF /* Frameworks */ = {
			isa = PBXFrameworksBuildPhase;
			buildActionMask = 2147483647;
			files = (
			);
			runOnlyForDeploymentPostprocessing = 0;
		};
		3584B2BC25A873F700CFB1BF /* Frameworks */ = {
			isa = PBXFrameworksBuildPhase;
			buildActionMask = 2147483647;
			files = (
			);
			runOnlyForDeploymentPostprocessing = 0;
		};
/* End PBXFrameworksBuildPhase section */

/* Begin PBXGroup section */
		3584B27625A870D000CFB1BF = {
			isa = PBXGroup;
			children = (
				3584B28125A870D000CFB1BF /* Shared */,
				3584B2A525A8739F00CFB1BF /* iOS */,
				3584B2B525A873E100CFB1BF /* macOS */,
				3584B28025A870D000CFB1BF /* Products */,
			);
			sourceTree = "<group>";
		};
		3584B28025A870D000CFB1BF /* Products */ = {
			isa = PBXGroup;
			children = (
				3584B27F25A870D000CFB1BF /* NetflixClone.app */,
				3584B29F25A8738300CFB1BF /* iOS.app */,
				3584B2C325A873F700CFB1BF /* macOS.app */,
			);
			name = Products;
			sourceTree = "<group>";
		};
		3584B28125A870D000CFB1BF /* Shared */ = {
			isa = PBXGroup;
			children = (
				3584B28225A870D000CFB1BF /* NetflixCloneApp.swift */,
				3584B28425A870D000CFB1BF /* ContentView.swift */,
				3584B28625A870D100CFB1BF /* Assets.xcassets */,
				3584B28B25A870D100CFB1BF /* Info.plist */,
				3584B28825A870D100CFB1BF /* Preview Content */,
			);
			path = Shared;
			sourceTree = "<group>";
		};
		3584B28825A870D100CFB1BF /* Preview Content */ = {
			isa = PBXGroup;
			children = (
				3584B28925A870D100CFB1BF /* Preview Assets.xcassets */,
			);
			path = "Preview Content";
			sourceTree = "<group>";
		};
		3584B2A525A8739F00CFB1BF /* iOS */ = {
			isa = PBXGroup;
			children = (
				8904670725AE457E005CE073 /* Helper */,
				8904670325AE4552005CE073 /* Model */,
				3584B30125A87D6400CFB1BF /* Home */,
				8904670825AE4594005CE073 /* Details */,
				3584B2A025A8738300CFB1BF /* iOS.plist */,
				3584B2F525A87A9600CFB1BF /* StandardHomeMovie.swift */,
			);
			path = iOS;
			sourceTree = "<group>";
		};
		3584B2B525A873E100CFB1BF /* macOS */ = {
			isa = PBXGroup;
			children = (
				3584B2C425A873F700CFB1BF /* macOS.plist */,
			);
			path = macOS;
			sourceTree = "<group>";
		};
		3584B30125A87D6400CFB1BF /* Home */ = {
			isa = PBXGroup;
			children = (
				3584B2CE25A875C500CFB1BF /* HomeView.swift */,
				3584B30225A87D7000CFB1BF /* HomeViewModel.swift */,
				35E8885025A88DCC0052B677 /* TopMoviePreview.swift */,
				35E8885925A89DDA0052B677 /* SmallVerticalButton.swift */,
				35E8886225A8A8DE0052B677 /* WhiteButton.swift */,
			);
			path = Home;
			sourceTree = "<group>";
		};
		8904670325AE4552005CE073 /* Model */ = {
			isa = PBXGroup;
			children = (
				3584B2E625A87A1D00CFB1BF /* Movie.swift */,
				895D876C25AE4CFA00B1BC8F /* Episode.swift */,
			);
			path = Model;
			sourceTree = "<group>";
		};
		8904670725AE457E005CE073 /* Helper */ = {
			isa = PBXGroup;
			children = (
				3584B2FB25A87ADA00CFB1BF /* GlobalHelper.swift */,
				895D876025AE48F600B1BC8F /* Extensions.swift */,
			);
			path = Helper;
			sourceTree = "<group>";
		};
		8904670825AE4594005CE073 /* Details */ = {
			isa = PBXGroup;
			children = (
				8904670925AE45B7005CE073 /* MovieDetails.swift */,
			);
			path = Details;
			sourceTree = "<group>";
		};
/* End PBXGroup section */

/* Begin PBXNativeTarget section */
		3584B27E25A870D000CFB1BF /* NetflixClone */ = {
			isa = PBXNativeTarget;
			buildConfigurationList = 3584B28E25A870D100CFB1BF /* Build configuration list for PBXNativeTarget "NetflixClone" */;
			buildPhases = (
				3584B27B25A870D000CFB1BF /* Sources */,
				3584B27C25A870D000CFB1BF /* Frameworks */,
				3584B27D25A870D000CFB1BF /* Resources */,
			);
			buildRules = (
			);
			dependencies = (
			);
			name = NetflixClone;
			packageProductDependencies = (
				3584B2E125A8792C00CFB1BF /* KingfisherSwiftUI */,
			);
			productName = NetflixClone;
			productReference = 3584B27F25A870D000CFB1BF /* NetflixClone.app */;
			productType = "com.apple.product-type.application";
		};
		3584B29425A8738300CFB1BF /* iOS */ = {
			isa = PBXNativeTarget;
			buildConfigurationList = 3584B29C25A8738300CFB1BF /* Build configuration list for PBXNativeTarget "iOS" */;
			buildPhases = (
				3584B29525A8738300CFB1BF /* Sources */,
				3584B29825A8738300CFB1BF /* Frameworks */,
				3584B29925A8738300CFB1BF /* Resources */,
			);
			buildRules = (
			);
			dependencies = (
			);
			name = iOS;
			productName = NetflixClone;
			productReference = 3584B29F25A8738300CFB1BF /* iOS.app */;
			productType = "com.apple.product-type.application";
		};
		3584B2B825A873F700CFB1BF /* macOS */ = {
			isa = PBXNativeTarget;
			buildConfigurationList = 3584B2C025A873F700CFB1BF /* Build configuration list for PBXNativeTarget "macOS" */;
			buildPhases = (
				3584B2B925A873F700CFB1BF /* Sources */,
				3584B2BC25A873F700CFB1BF /* Frameworks */,
				3584B2BD25A873F700CFB1BF /* Resources */,
			);
			buildRules = (
			);
			dependencies = (
			);
			name = macOS;
			productName = NetflixClone;
			productReference = 3584B2C325A873F700CFB1BF /* macOS.app */;
			productType = "com.apple.product-type.application";
		};
/* End PBXNativeTarget section */

/* Begin PBXProject section */
		3584B27725A870D000CFB1BF /* Project object */ = {
			isa = PBXProject;
			attributes = {
				LastSwiftUpdateCheck = 1220;
				LastUpgradeCheck = 1220;
				TargetAttributes = {
					3584B27E25A870D000CFB1BF = {
						CreatedOnToolsVersion = 12.2;
					};
				};
			};
			buildConfigurationList = 3584B27A25A870D000CFB1BF /* Build configuration list for PBXProject "NetflixClone" */;
			compatibilityVersion = "Xcode 9.3";
			developmentRegion = en;
			hasScannedForEncodings = 0;
			knownRegions = (
				en,
				Base,
			);
			mainGroup = 3584B27625A870D000CFB1BF;
			packageReferences = (
				3584B2E025A8792C00CFB1BF /* XCRemoteSwiftPackageReference "Kingfisher" */,
			);
			productRefGroup = 3584B28025A870D000CFB1BF /* Products */;
			projectDirPath = "";
			projectRoot = "";
			targets = (
				3584B27E25A870D000CFB1BF /* NetflixClone */,
				3584B29425A8738300CFB1BF /* iOS */,
				3584B2B825A873F700CFB1BF /* macOS */,
			);
		};
/* End PBXProject section */

/* Begin PBXResourcesBuildPhase section */
		3584B27D25A870D000CFB1BF /* Resources */ = {
			isa = PBXResourcesBuildPhase;
			buildActionMask = 2147483647;
			files = (
				3584B28A25A870D100CFB1BF /* Preview Assets.xcassets in Resources */,
				3584B28725A870D100CFB1BF /* Assets.xcassets in Resources */,
			);
			runOnlyForDeploymentPostprocessing = 0;
		};
		3584B29925A8738300CFB1BF /* Resources */ = {
			isa = PBXResourcesBuildPhase;
			buildActionMask = 2147483647;
			files = (
				3584B29A25A8738300CFB1BF /* Preview Assets.xcassets in Resources */,
				3584B29B25A8738300CFB1BF /* Assets.xcassets in Resources */,
			);
			runOnlyForDeploymentPostprocessing = 0;
		};
		3584B2BD25A873F700CFB1BF /* Resources */ = {
			isa = PBXResourcesBuildPhase;
			buildActionMask = 2147483647;
			files = (
				3584B2BE25A873F700CFB1BF /* Preview Assets.xcassets in Resources */,
				3584B2BF25A873F700CFB1BF /* Assets.xcassets in Resources */,
			);
			runOnlyForDeploymentPostprocessing = 0;
		};
/* End PBXResourcesBuildPhase section */

/* Begin PBXSourcesBuildPhase section */
		3584B27B25A870D000CFB1BF /* Sources */ = {
			isa = PBXSourcesBuildPhase;
			buildActionMask = 2147483647;
			files = (
				3584B2FC25A87ADA00CFB1BF /* GlobalHelper.swift in Sources */,
				3584B28525A870D000CFB1BF /* ContentView.swift in Sources */,
				3584B30325A87D7000CFB1BF /* HomeViewModel.swift in Sources */,
				3584B28325A870D000CFB1BF /* NetflixCloneApp.swift in Sources */,
				3584B2F625A87A9600CFB1BF /* StandardHomeMovie.swift in Sources */,
				8904671125AE45F5005CE073 /* MovieDetails.swift in Sources */,
				35E8885525A88ED70052B677 /* TopMoviePreview.swift in Sources */,
				895D877125AE4D8600B1BC8F /* Episode.swift in Sources */,
				895D876825AE494100B1BC8F /* Extensions.swift in Sources */,
				3584B2E725A87A1D00CFB1BF /* Movie.swift in Sources */,
				3584B2CF25A875C500CFB1BF /* HomeView.swift in Sources */,
				35E8885E25A89F900052B677 /* SmallVerticalButton.swift in Sources */,
				35E8886725A8A99C0052B677 /* WhiteButton.swift in Sources */,
			);
			runOnlyForDeploymentPostprocessing = 0;
		};
		3584B29525A8738300CFB1BF /* Sources */ = {
			isa = PBXSourcesBuildPhase;
			buildActionMask = 2147483647;
			files = (
				3584B2FD25A87ADA00CFB1BF /* GlobalHelper.swift in Sources */,
				3584B29625A8738300CFB1BF /* ContentView.swift in Sources */,
				3584B30425A87D7000CFB1BF /* HomeViewModel.swift in Sources */,
				3584B29725A8738300CFB1BF /* NetflixCloneApp.swift in Sources */,
				3584B2F725A87A9600CFB1BF /* StandardHomeMovie.swift in Sources */,
				8904670A25AE45B7005CE073 /* MovieDetails.swift in Sources */,
				35E8885125A88DCC0052B677 /* TopMoviePreview.swift in Sources */,
				895D876D25AE4CFA00B1BC8F /* Episode.swift in Sources */,
				895D876125AE48F600B1BC8F /* Extensions.swift in Sources */,
				3584B2E825A87A1D00CFB1BF /* Movie.swift in Sources */,
				3584B2D025A875C500CFB1BF /* HomeView.swift in Sources */,
				35E8885A25A89DDA0052B677 /* SmallVerticalButton.swift in Sources */,
				35E8886325A8A8DE0052B677 /* WhiteButton.swift in Sources */,
			);
			runOnlyForDeploymentPostprocessing = 0;
		};
		3584B2B925A873F700CFB1BF /* Sources */ = {
			isa = PBXSourcesBuildPhase;
			buildActionMask = 2147483647;
			files = (
				3584B2BA25A873F700CFB1BF /* ContentView.swift in Sources */,
				3584B2BB25A873F700CFB1BF /* NetflixCloneApp.swift in Sources */,
			);
			runOnlyForDeploymentPostprocessing = 0;
		};
/* End PBXSourcesBuildPhase section */

/* Begin XCBuildConfiguration section */
		3584B28C25A870D100CFB1BF /* Debug */ = {
			isa = XCBuildConfiguration;
			buildSettings = {
				ALWAYS_SEARCH_USER_PATHS = NO;
				CLANG_ANALYZER_NONNULL = YES;
				CLANG_ANALYZER_NUMBER_OBJECT_CONVERSION = YES_AGGRESSIVE;
				CLANG_CXX_LANGUAGE_STANDARD = "gnu++14";
				CLANG_CXX_LIBRARY = "libc++";
				CLANG_ENABLE_MODULES = YES;
				CLANG_ENABLE_OBJC_ARC = YES;
				CLANG_ENABLE_OBJC_WEAK = YES;
				CLANG_WARN_BLOCK_CAPTURE_AUTORELEASING = YES;
				CLANG_WARN_BOOL_CONVERSION = YES;
				CLANG_WARN_COMMA = YES;
				CLANG_WARN_CONSTANT_CONVERSION = YES;
				CLANG_WARN_DEPRECATED_OBJC_IMPLEMENTATIONS = YES;
				CLANG_WARN_DIRECT_OBJC_ISA_USAGE = YES_ERROR;
				CLANG_WARN_DOCUMENTATION_COMMENTS = YES;
				CLANG_WARN_EMPTY_BODY = YES;
				CLANG_WARN_ENUM_CONVERSION = YES;
				CLANG_WARN_INFINITE_RECURSION = YES;
				CLANG_WARN_INT_CONVERSION = YES;
				CLANG_WARN_NON_LITERAL_NULL_CONVERSION = YES;
				CLANG_WARN_OBJC_IMPLICIT_RETAIN_SELF = YES;
				CLANG_WARN_OBJC_LITERAL_CONVERSION = YES;
				CLANG_WARN_OBJC_ROOT_CLASS = YES_ERROR;
				CLANG_WARN_QUOTED_INCLUDE_IN_FRAMEWORK_HEADER = YES;
				CLANG_WARN_RANGE_LOOP_ANALYSIS = YES;
				CLANG_WARN_STRICT_PROTOTYPES = YES;
				CLANG_WARN_SUSPICIOUS_MOVE = YES;
				CLANG_WARN_UNGUARDED_AVAILABILITY = YES_AGGRESSIVE;
				CLANG_WARN_UNREACHABLE_CODE = YES;
				CLANG_WARN__DUPLICATE_METHOD_MATCH = YES;
				COPY_PHASE_STRIP = NO;
				DEBUG_INFORMATION_FORMAT = dwarf;
				ENABLE_STRICT_OBJC_MSGSEND = YES;
				ENABLE_TESTABILITY = YES;
				GCC_C_LANGUAGE_STANDARD = gnu11;
				GCC_DYNAMIC_NO_PIC = NO;
				GCC_NO_COMMON_BLOCKS = YES;
				GCC_OPTIMIZATION_LEVEL = 0;
				GCC_PREPROCESSOR_DEFINITIONS = (
					"DEBUG=1",
					"$(inherited)",
				);
				GCC_WARN_64_TO_32_BIT_CONVERSION = YES;
				GCC_WARN_ABOUT_RETURN_TYPE = YES_ERROR;
				GCC_WARN_UNDECLARED_SELECTOR = YES;
				GCC_WARN_UNINITIALIZED_AUTOS = YES_AGGRESSIVE;
				GCC_WARN_UNUSED_FUNCTION = YES;
				GCC_WARN_UNUSED_VARIABLE = YES;
				IPHONEOS_DEPLOYMENT_TARGET = 14.2;
				MTL_ENABLE_DEBUG_INFO = INCLUDE_SOURCE;
				MTL_FAST_MATH = YES;
				ONLY_ACTIVE_ARCH = YES;
				SDKROOT = iphoneos;
				SWIFT_ACTIVE_COMPILATION_CONDITIONS = DEBUG;
				SWIFT_OPTIMIZATION_LEVEL = "-Onone";
			};
			name = Debug;
		};
		3584B28D25A870D100CFB1BF /* Release */ = {
			isa = XCBuildConfiguration;
			buildSettings = {
				ALWAYS_SEARCH_USER_PATHS = NO;
				CLANG_ANALYZER_NONNULL = YES;
				CLANG_ANALYZER_NUMBER_OBJECT_CONVERSION = YES_AGGRESSIVE;
				CLANG_CXX_LANGUAGE_STANDARD = "gnu++14";
				CLANG_CXX_LIBRARY = "libc++";
				CLANG_ENABLE_MODULES = YES;
				CLANG_ENABLE_OBJC_ARC = YES;
				CLANG_ENABLE_OBJC_WEAK = YES;
				CLANG_WARN_BLOCK_CAPTURE_AUTORELEASING = YES;
				CLANG_WARN_BOOL_CONVERSION = YES;
				CLANG_WARN_COMMA = YES;
				CLANG_WARN_CONSTANT_CONVERSION = YES;
				CLANG_WARN_DEPRECATED_OBJC_IMPLEMENTATIONS = YES;
				CLANG_WARN_DIRECT_OBJC_ISA_USAGE = YES_ERROR;
				CLANG_WARN_DOCUMENTATION_COMMENTS = YES;
				CLANG_WARN_EMPTY_BODY = YES;
				CLANG_WARN_ENUM_CONVERSION = YES;
				CLANG_WARN_INFINITE_RECURSION = YES;
				CLANG_WARN_INT_CONVERSION = YES;
				CLANG_WARN_NON_LITERAL_NULL_CONVERSION = YES;
				CLANG_WARN_OBJC_IMPLICIT_RETAIN_SELF = YES;
				CLANG_WARN_OBJC_LITERAL_CONVERSION = YES;
				CLANG_WARN_OBJC_ROOT_CLASS = YES_ERROR;
				CLANG_WARN_QUOTED_INCLUDE_IN_FRAMEWORK_HEADER = YES;
				CLANG_WARN_RANGE_LOOP_ANALYSIS = YES;
				CLANG_WARN_STRICT_PROTOTYPES = YES;
				CLANG_WARN_SUSPICIOUS_MOVE = YES;
				CLANG_WARN_UNGUARDED_AVAILABILITY = YES_AGGRESSIVE;
				CLANG_WARN_UNREACHABLE_CODE = YES;
				CLANG_WARN__DUPLICATE_METHOD_MATCH = YES;
				COPY_PHASE_STRIP = NO;
				DEBUG_INFORMATION_FORMAT = "dwarf-with-dsym";
				ENABLE_NS_ASSERTIONS = NO;
				ENABLE_STRICT_OBJC_MSGSEND = YES;
				GCC_C_LANGUAGE_STANDARD = gnu11;
				GCC_NO_COMMON_BLOCKS = YES;
				GCC_WARN_64_TO_32_BIT_CONVERSION = YES;
				GCC_WARN_ABOUT_RETURN_TYPE = YES_ERROR;
				GCC_WARN_UNDECLARED_SELECTOR = YES;
				GCC_WARN_UNINITIALIZED_AUTOS = YES_AGGRESSIVE;
				GCC_WARN_UNUSED_FUNCTION = YES;
				GCC_WARN_UNUSED_VARIABLE = YES;
				IPHONEOS_DEPLOYMENT_TARGET = 14.2;
				MTL_ENABLE_DEBUG_INFO = NO;
				MTL_FAST_MATH = YES;
				SDKROOT = iphoneos;
				SWIFT_COMPILATION_MODE = wholemodule;
				SWIFT_OPTIMIZATION_LEVEL = "-O";
				VALIDATE_PRODUCT = YES;
			};
			name = Release;
		};
		3584B28F25A870D100CFB1BF /* Debug */ = {
			isa = XCBuildConfiguration;
			buildSettings = {
				ASSETCATALOG_COMPILER_APPICON_NAME = AppIcon;
				ASSETCATALOG_COMPILER_GLOBAL_ACCENT_COLOR_NAME = AccentColor;
				CODE_SIGN_STYLE = Automatic;
				DEVELOPMENT_ASSET_PATHS = "\"Shared/Preview Content\"";
				DEVELOPMENT_TEAM = K88A5H84VS;
				ENABLE_PREVIEWS = YES;
				INFOPLIST_FILE = Shared/Info.plist;
				IPHONEOS_DEPLOYMENT_TARGET = 14.0;
				LD_RUNPATH_SEARCH_PATHS = (
					"$(inherited)",
					"@executable_path/Frameworks",
				);
				PRODUCT_BUNDLE_IDENTIFIER = com.JavierGalera.NetflixClone;
				PRODUCT_NAME = "$(TARGET_NAME)";
				SWIFT_VERSION = 5.0;
				TARGETED_DEVICE_FAMILY = "1,2";
			};
			name = Debug;
		};
		3584B29025A870D100CFB1BF /* Release */ = {
			isa = XCBuildConfiguration;
			buildSettings = {
				ASSETCATALOG_COMPILER_APPICON_NAME = AppIcon;
				ASSETCATALOG_COMPILER_GLOBAL_ACCENT_COLOR_NAME = AccentColor;
				CODE_SIGN_STYLE = Automatic;
				DEVELOPMENT_ASSET_PATHS = "\"Shared/Preview Content\"";
				DEVELOPMENT_TEAM = K88A5H84VS;
				ENABLE_PREVIEWS = YES;
				INFOPLIST_FILE = Shared/Info.plist;
				IPHONEOS_DEPLOYMENT_TARGET = 14.0;
				LD_RUNPATH_SEARCH_PATHS = (
					"$(inherited)",
					"@executable_path/Frameworks",
				);
				PRODUCT_BUNDLE_IDENTIFIER = com.JavierGalera.NetflixClone;
				PRODUCT_NAME = "$(TARGET_NAME)";
				SWIFT_VERSION = 5.0;
				TARGETED_DEVICE_FAMILY = "1,2";
			};
			name = Release;
		};
		3584B29D25A8738300CFB1BF /* Debug */ = {
			isa = XCBuildConfiguration;
			buildSettings = {
				ASSETCATALOG_COMPILER_APPICON_NAME = AppIcon;
				ASSETCATALOG_COMPILER_GLOBAL_ACCENT_COLOR_NAME = AccentColor;
				CODE_SIGN_STYLE = Automatic;
				DEVELOPMENT_ASSET_PATHS = "\"NetflixClone/Preview Content\"";
				DEVELOPMENT_TEAM = K88A5H84VS;
				ENABLE_PREVIEWS = YES;
				INFOPLIST_FILE = "NetflixClone copy-Info.plist";
				IPHONEOS_DEPLOYMENT_TARGET = 14.0;
				LD_RUNPATH_SEARCH_PATHS = (
					"$(inherited)",
					"@executable_path/Frameworks",
				);
				PRODUCT_BUNDLE_IDENTIFIER = com.JavierGalera.NetflixClone;
				PRODUCT_NAME = "$(TARGET_NAME)";
				SWIFT_VERSION = 5.0;
				TARGETED_DEVICE_FAMILY = "1,2";
			};
			name = Debug;
		};
		3584B29E25A8738300CFB1BF /* Release */ = {
			isa = XCBuildConfiguration;
			buildSettings = {
				ASSETCATALOG_COMPILER_APPICON_NAME = AppIcon;
				ASSETCATALOG_COMPILER_GLOBAL_ACCENT_COLOR_NAME = AccentColor;
				CODE_SIGN_STYLE = Automatic;
				DEVELOPMENT_ASSET_PATHS = "\"NetflixClone/Preview Content\"";
				DEVELOPMENT_TEAM = K88A5H84VS;
				ENABLE_PREVIEWS = YES;
				INFOPLIST_FILE = "NetflixClone copy-Info.plist";
				IPHONEOS_DEPLOYMENT_TARGET = 14.0;
				LD_RUNPATH_SEARCH_PATHS = (
					"$(inherited)",
					"@executable_path/Frameworks",
				);
				PRODUCT_BUNDLE_IDENTIFIER = com.JavierGalera.NetflixClone;
				PRODUCT_NAME = "$(TARGET_NAME)";
				SWIFT_VERSION = 5.0;
				TARGETED_DEVICE_FAMILY = "1,2";
			};
			name = Release;
		};
		3584B2C125A873F700CFB1BF /* Debug */ = {
			isa = XCBuildConfiguration;
			buildSettings = {
				ASSETCATALOG_COMPILER_APPICON_NAME = AppIcon;
				ASSETCATALOG_COMPILER_GLOBAL_ACCENT_COLOR_NAME = AccentColor;
				CODE_SIGN_STYLE = Automatic;
				DEVELOPMENT_ASSET_PATHS = "\"NetflixClone/Preview Content\"";
				DEVELOPMENT_TEAM = K88A5H84VS;
				ENABLE_PREVIEWS = YES;
				INFOPLIST_FILE = "NetflixClone copy-Info.plist";
				IPHONEOS_DEPLOYMENT_TARGET = 14.0;
				LD_RUNPATH_SEARCH_PATHS = (
					"$(inherited)",
					"@executable_path/Frameworks",
				);
				PRODUCT_BUNDLE_IDENTIFIER = com.JavierGalera.NetflixClone;
				PRODUCT_NAME = "$(TARGET_NAME)";
				SWIFT_VERSION = 5.0;
				TARGETED_DEVICE_FAMILY = "1,2";
			};
			name = Debug;
		};
		3584B2C225A873F700CFB1BF /* Release */ = {
			isa = XCBuildConfiguration;
			buildSettings = {
				ASSETCATALOG_COMPILER_APPICON_NAME = AppIcon;
				ASSETCATALOG_COMPILER_GLOBAL_ACCENT_COLOR_NAME = AccentColor;
				CODE_SIGN_STYLE = Automatic;
				DEVELOPMENT_ASSET_PATHS = "\"NetflixClone/Preview Content\"";
				DEVELOPMENT_TEAM = K88A5H84VS;
				ENABLE_PREVIEWS = YES;
				INFOPLIST_FILE = "NetflixClone copy-Info.plist";
				IPHONEOS_DEPLOYMENT_TARGET = 14.0;
				LD_RUNPATH_SEARCH_PATHS = (
					"$(inherited)",
					"@executable_path/Frameworks",
				);
				PRODUCT_BUNDLE_IDENTIFIER = com.JavierGalera.NetflixClone;
				PRODUCT_NAME = "$(TARGET_NAME)";
				SWIFT_VERSION = 5.0;
				TARGETED_DEVICE_FAMILY = "1,2";
			};
			name = Release;
		};
/* End XCBuildConfiguration section */

/* Begin XCConfigurationList section */
		3584B27A25A870D000CFB1BF /* Build configuration list for PBXProject "NetflixClone" */ = {
			isa = XCConfigurationList;
			buildConfigurations = (
				3584B28C25A870D100CFB1BF /* Debug */,
				3584B28D25A870D100CFB1BF /* Release */,
			);
			defaultConfigurationIsVisible = 0;
			defaultConfigurationName = Release;
		};
		3584B28E25A870D100CFB1BF /* Build configuration list for PBXNativeTarget "NetflixClone" */ = {
			isa = XCConfigurationList;
			buildConfigurations = (
				3584B28F25A870D100CFB1BF /* Debug */,
				3584B29025A870D100CFB1BF /* Release */,
			);
			defaultConfigurationIsVisible = 0;
			defaultConfigurationName = Release;
		};
		3584B29C25A8738300CFB1BF /* Build configuration list for PBXNativeTarget "iOS" */ = {
			isa = XCConfigurationList;
			buildConfigurations = (
				3584B29D25A8738300CFB1BF /* Debug */,
				3584B29E25A8738300CFB1BF /* Release */,
			);
			defaultConfigurationIsVisible = 0;
			defaultConfigurationName = Release;
		};
		3584B2C025A873F700CFB1BF /* Build configuration list for PBXNativeTarget "macOS" */ = {
			isa = XCConfigurationList;
			buildConfigurations = (
				3584B2C125A873F700CFB1BF /* Debug */,
				3584B2C225A873F700CFB1BF /* Release */,
			);
			defaultConfigurationIsVisible = 0;
			defaultConfigurationName = Release;
		};
/* End XCConfigurationList section */

/* Begin XCRemoteSwiftPackageReference section */
		3584B2E025A8792C00CFB1BF /* XCRemoteSwiftPackageReference "Kingfisher" */ = {
			isa = XCRemoteSwiftPackageReference;
			repositoryURL = "https://github.com/onevcat/Kingfisher";
			requirement = {
				kind = exactVersion;
				version = 5.14.1;
			};
		};
/* End XCRemoteSwiftPackageReference section */

/* Begin XCSwiftPackageProductDependency section */
		3584B2E125A8792C00CFB1BF /* KingfisherSwiftUI */ = {
			isa = XCSwiftPackageProductDependency;
			package = 3584B2E025A8792C00CFB1BF /* XCRemoteSwiftPackageReference "Kingfisher" */;
			productName = KingfisherSwiftUI;
		};
/* End XCSwiftPackageProductDependency section */
	};
	rootObject = 3584B27725A870D000CFB1BF /* Project object */;
}
